
Microsoft Visual Studio Solution File, Format Version 12.00
# Visual Studio Version 17
VisualStudioVersion = 17.0.31903.59
MinimumVisualStudioVersion = 10.0.40219.1
Project("{FAE04EC0-301F-11D3-BF4B-00C04F79EFBC}") = "Patrones.Consola", "Patrones.Consola\Patrones.Consola.csproj", "{C9E005A4-C363-4211-99CD-957D8AD6F17B}"
EndProject
Project("{FAE04EC0-301F-11D3-BF4B-00C04F79EFBC}") = "Patrones.Worker", "Patrones.Worker\Patrones.Worker.csproj", "{C85EED13-753F-40E9-AE79-3158D2304DCD}"
EndProject
Project("{FAE04EC0-301F-11D3-BF4B-00C04F79EFBC}") = "Patrones.Api", "Patrones.Api\Patrones.Api.csproj", "{8BC1674F-F499-4FE3-B9E1-B14CD104F577}"
EndProject
Global
	GlobalSection(SolutionConfigurationPlatforms) = preSolution
		Debug|Any CPU = Debug|Any CPU
		Debug|x64 = Debug|x64
		Debug|x86 = Debug|x86
		Release|Any CPU = Release|Any CPU
		Release|x64 = Release|x64
		Release|x86 = Release|x86
	EndGlobalSection
	GlobalSection(ProjectConfigurationPlatforms) = postSolution
		{C9E005A4-C363-4211-99CD-957D8AD6F17B}.Debug|Any CPU.ActiveCfg = Debug|Any CPU
		{C9E005A4-C363-4211-99CD-957D8AD6F17B}.Debug|Any CPU.Build.0 = Debug|Any CPU
		{C9E005A4-C363-4211-99CD-957D8AD6F17B}.Debug|x64.ActiveCfg = Debug|Any CPU
		{C9E005A4-C363-4211-99CD-957D8AD6F17B}.Debug|x64.Build.0 = Debug|Any CPU
		{C9E005A4-C363-4211-99CD-957D8AD6F17B}.Debug|x86.ActiveCfg = Debug|Any CPU
		{C9E005A4-C363-4211-99CD-957D8AD6F17B}.Debug|x86.Build.0 = Debug|Any CPU
		{C9E005A4-C363-4211-99CD-957D8AD6F17B}.Release|Any CPU.ActiveCfg = Release|Any CPU
		{C9E005A4-C363-4211-99CD-957D8AD6F17B}.Release|Any CPU.Build.0 = Release|Any CPU
		{C9E005A4-C363-4211-99CD-957D8AD6F17B}.Release|x64.ActiveCfg = Release|Any CPU
		{C9E005A4-C363-4211-99CD-957D8AD6F17B}.Release|x64.Build.0 = Release|Any CPU
		{C9E005A4-C363-4211-99CD-957D8AD6F17B}.Release|x86.ActiveCfg = Release|Any CPU
		{C9E005A4-C363-4211-99CD-957D8AD6F17B}.Release|x86.Build.0 = Release|Any CPU
		{C85EED13-753F-40E9-AE79-3158D2304DCD}.Debug|Any CPU.ActiveCfg = Debug|Any CPU
		{C85EED13-753F-40E9-AE79-3158D2304DCD}.Debug|Any CPU.Build.0 = Debug|Any CPU
		{C85EED13-753F-40E9-AE79-3158D2304DCD}.Debug|x64.ActiveCfg = Debug|Any CPU
		{C85EED13-753F-40E9-AE79-3158D2304DCD}.Debug|x64.Build.0 = Debug|Any CPU
		{C85EED13-753F-40E9-AE79-3158D2304DCD}.Debug|x86.ActiveCfg = Debug|Any CPU
		{C85EED13-753F-40E9-AE79-3158D2304DCD}.Debug|x86.Build.0 = Debug|Any CPU
		{C85EED13-753F-40E9-AE79-3158D2304DCD}.Release|Any CPU.ActiveCfg = Release|Any CPU
		{C85EED13-753F-40E9-AE79-3158D2304DCD}.Release|Any CPU.Build.0 = Release|Any CPU
		{C85EED13-753F-40E9-AE79-3158D2304DCD}.Release|x64.ActiveCfg = Release|Any CPU
		{C85EED13-753F-40E9-AE79-3158D2304DCD}.Release|x64.Build.0 = Release|Any CPU
		{C85EED13-753F-40E9-AE79-3158D2304DCD}.Release|x86.ActiveCfg = Release|Any CPU
		{C85EED13-753F-40E9-AE79-3158D2304DCD}.Release|x86.Build.0 = Release|Any CPU
		{8BC1674F-F499-4FE3-B9E1-B14CD104F577}.Debug|Any CPU.ActiveCfg = Debug|Any CPU
		{8BC1674F-F499-4FE3-B9E1-B14CD104F577}.Debug|Any CPU.Build.0 = Debug|Any CPU
		{8BC1674F-F499-4FE3-B9E1-B14CD104F577}.Debug|x64.ActiveCfg = Debug|Any CPU
		{8BC1674F-F499-4FE3-B9E1-B14CD104F577}.Debug|x64.Build.0 = Debug|Any CPU
		{8BC1674F-F499-4FE3-B9E1-B14CD104F577}.Debug|x86.ActiveCfg = Debug|Any CPU
		{8BC1674F-F499-4FE3-B9E1-B14CD104F577}.Debug|x86.Build.0 = Debug|Any CPU
		{8BC1674F-F499-4FE3-B9E1-B14CD104F577}.Release|Any CPU.ActiveCfg = Release|Any CPU
		{8BC1674F-F499-4FE3-B9E1-B14CD104F577}.Release|Any CPU.Build.0 = Release|Any CPU
		{8BC1674F-F499-4FE3-B9E1-B14CD104F577}.Release|x64.ActiveCfg = Release|Any CPU
		{8BC1674F-F499-4FE3-B9E1-B14CD104F577}.Release|x64.Build.0 = Release|Any CPU
		{8BC1674F-F499-4FE3-B9E1-B14CD104F577}.Release|x86.ActiveCfg = Release|Any CPU
		{8BC1674F-F499-4FE3-B9E1-B14CD104F577}.Release|x86.Build.0 = Release|Any CPU
	EndGlobalSection
	GlobalSection(SolutionProperties) = preSolution
		HideSolutionNode = FALSE
	EndGlobalSection
	GlobalSection(ExtensibilityGlobals) = postSolution
		SolutionGuid = {1297A269-3AF7-439C-90A1-57AF97BBC70D}
	EndGlobalSection
EndGlobal
