
Microsoft Visual Studio Solution File, Format Version 12.00
# Visual Studio Version 17
VisualStudioVersion = 17.0.31903.59
MinimumVisualStudioVersion = 10.0.40219.1
Project("{9A19103F-16F7-4668-BE54-9A1E7A4F7556}") = "Patrones.Consola", "Patrones.Consola\Patrones.Consola.csproj", "{3AC90520-C1D1-4A6D-AA59-FF3CCC6A39E3}"
EndProject
Project("{9A19103F-16F7-4668-BE54-9A1E7A4F7556}") = "Patrones.Worker", "Patrones.Worker\Patrones.Worker.csproj", "{7481CF52-8A20-4F92-83A5-CF8C6E190545}"
EndProject
Project("{FAE04EC0-301F-11D3-BF4B-00C04F79EFBC}") = "Patrones.Api", "Patrones.Api\Patrones.Api.csproj", "{6ED44EC2-93E7-49F8-8AC7-369BF0297680}"
EndProject
Global
	GlobalSection(SolutionConfigurationPlatforms) = preSolution
		Debug|Any CPU = Debug|Any CPU
		Release|Any CPU = Release|Any CPU
	EndGlobalSection
	GlobalSection(ProjectConfigurationPlatforms) = postSolution
		{3AC90520-C1D1-4A6D-AA59-FF3CCC6A39E3}.Debug|Any CPU.ActiveCfg = Debug|Any CPU
		{3AC90520-C1D1-4A6D-AA59-FF3CCC6A39E3}.Debug|Any CPU.Build.0 = Debug|Any CPU
		{3AC90520-C1D1-4A6D-AA59-FF3CCC6A39E3}.Release|Any CPU.ActiveCfg = Release|Any CPU
		{3AC90520-C1D1-4A6D-AA59-FF3CCC6A39E3}.Release|Any CPU.Build.0 = Release|Any CPU
		{7481CF52-8A20-4F92-83A5-CF8C6E190545}.Debug|Any CPU.ActiveCfg = Debug|Any CPU
		{7481CF52-8A20-4F92-83A5-CF8C6E190545}.Debug|Any CPU.Build.0 = Debug|Any CPU
		{7481CF52-8A20-4F92-83A5-CF8C6E190545}.Release|Any CPU.ActiveCfg = Release|Any CPU
		{7481CF52-8A20-4F92-83A5-CF8C6E190545}.Release|Any CPU.Build.0 = Release|Any CPU
		{6ED44EC2-93E7-49F8-8AC7-369BF0297680}.Debug|Any CPU.ActiveCfg = Debug|Any CPU
		{6ED44EC2-93E7-49F8-8AC7-369BF0297680}.Debug|Any CPU.Build.0 = Debug|Any CPU
		{6ED44EC2-93E7-49F8-8AC7-369BF0297680}.Release|Any CPU.ActiveCfg = Release|Any CPU
		{6ED44EC2-93E7-49F8-8AC7-369BF0297680}.Release|Any CPU.Build.0 = Release|Any CPU
	EndGlobalSection
	GlobalSection(SolutionProperties) = preSolution
		HideSolutionNode = FALSE
	EndGlobalSection
	GlobalSection(ExtensibilityGlobals) = postSolution
		SolutionGuid = {48653B04-87B0-4EC2-893A-36364DC54B38}
	EndGlobalSection
EndGlobal
